
Microsoft Visual Studio Solution File, Format Version 12.00
# Visual Studio Version 16
VisualStudioVersion = 16.0.29123.88
MinimumVisualStudioVersion = 10.0.40219.1
Project("{FAE04EC0-301F-11D3-BF4B-00C04F79EFBC}") = "Vendors_Web", "Vendors_Web\Vendors_Web.csproj", "{6FC33E03-D2C3-4F9A-AC14-0E192EE41A74}"
EndProject
Project("{FAE04EC0-301F-11D3-BF4B-00C04F79EFBC}") = "Vendors_DAL", "Vendors_DAL\Vendors_DAL.csproj", "{EE7D1ED0-AD83-4B11-A1DA-7F1E5FE9BDD8}"
EndProject
Project("{FAE04EC0-301F-11D3-BF4B-00C04F79EFBC}") = "Vendors_BLL", "Vendors_BLL\Vendors_BLL.csproj", "{CE22D3F1-CEDC-4DE0-ABBC-079BE3D00311}"
EndProject
Global
	GlobalSection(SolutionConfigurationPlatforms) = preSolution
		Debug|Any CPU = Debug|Any CPU
		Release|Any CPU = Release|Any CPU
	EndGlobalSection
	GlobalSection(ProjectConfigurationPlatforms) = postSolution
		{6FC33E03-D2C3-4F9A-AC14-0E192EE41A74}.Debug|Any CPU.ActiveCfg = Debug|Any CPU
		{6FC33E03-D2C3-4F9A-AC14-0E192EE41A74}.Debug|Any CPU.Build.0 = Debug|Any CPU
		{6FC33E03-D2C3-4F9A-AC14-0E192EE41A74}.Release|Any CPU.ActiveCfg = Release|Any CPU
		{6FC33E03-D2C3-4F9A-AC14-0E192EE41A74}.Release|Any CPU.Build.0 = Release|Any CPU
		{EE7D1ED0-AD83-4B11-A1DA-7F1E5FE9BDD8}.Debug|Any CPU.ActiveCfg = Debug|Any CPU
		{EE7D1ED0-AD83-4B11-A1DA-7F1E5FE9BDD8}.Debug|Any CPU.Build.0 = Debug|Any CPU
		{EE7D1ED0-AD83-4B11-A1DA-7F1E5FE9BDD8}.Release|Any CPU.ActiveCfg = Release|Any CPU
		{EE7D1ED0-AD83-4B11-A1DA-7F1E5FE9BDD8}.Release|Any CPU.Build.0 = Release|Any CPU
		{CE22D3F1-CEDC-4DE0-ABBC-079BE3D00311}.Debug|Any CPU.ActiveCfg = Debug|Any CPU
		{CE22D3F1-CEDC-4DE0-ABBC-079BE3D00311}.Debug|Any CPU.Build.0 = Debug|Any CPU
		{CE22D3F1-CEDC-4DE0-ABBC-079BE3D00311}.Release|Any CPU.ActiveCfg = Release|Any CPU
		{CE22D3F1-CEDC-4DE0-ABBC-079BE3D00311}.Release|Any CPU.Build.0 = Release|Any CPU
	EndGlobalSection
	GlobalSection(SolutionProperties) = preSolution
		HideSolutionNode = FALSE
	EndGlobalSection
	GlobalSection(ExtensibilityGlobals) = postSolution
		SolutionGuid = {19776F30-254B-468A-A833-24EFAF0531A8}
	EndGlobalSection
EndGlobal
